
Microsoft Visual Studio Solution File, Format Version 12.00
# Visual Studio Version 17
VisualStudioVersion = 17.6.33417.168
MinimumVisualStudioVersion = 10.0.40219.1
Project("{9A19103F-16F7-4668-BE54-9A1E7A4F7556}") = "AutoHotspot", "src\AutoHotspot\AutoHotspot.csproj", "{C86E2A20-AA34-4919-B2E5-D74C3273F60F}"
EndProject
Global
	GlobalSection(SolutionConfigurationPlatforms) = preSolution
		Debug|Any CPU = Debug|Any CPU
		Release|Any CPU = Release|Any CPU
	EndGlobalSection
	GlobalSection(ProjectConfigurationPlatforms) = postSolution
		{C86E2A20-AA34-4919-B2E5-D74C3273F60F}.Debug|Any CPU.ActiveCfg = Debug|Any CPU
		{C86E2A20-AA34-4919-B2E5-D74C3273F60F}.Debug|Any CPU.Build.0 = Debug|Any CPU
		{C86E2A20-AA34-4919-B2E5-D74C3273F60F}.Release|Any CPU.ActiveCfg = Release|Any CPU
		{C86E2A20-AA34-4919-B2E5-D74C3273F60F}.Release|Any CPU.Build.0 = Release|Any CPU
	EndGlobalSection
	GlobalSection(SolutionProperties) = preSolution
		HideSolutionNode = FALSE
	EndGlobalSection
	GlobalSection(ExtensibilityGlobals) = postSolution
		SolutionGuid = {49767E2B-142A-4579-AB18-17202209B86F}
	EndGlobalSection
EndGlobal
